
Microsoft Visual Studio Solution File, Format Version 12.00
# Visual Studio Version 17
VisualStudioVersion = 17.7.34221.43
MinimumVisualStudioVersion = 10.0.40219.1
Project("{9A19103F-16F7-4668-BE54-9A1E7A4F7556}") = "lab8", "lab8\lab8.csproj", "{94559C9E-2157-4C74-9E2B-27783316B7CB}"
EndProject
Project("{9A19103F-16F7-4668-BE54-9A1E7A4F7556}") = "lab8.1", "lab8.1\lab8.1.csproj", "{C623D3ED-50D1-462D-9F6A-8030337B9A0B}"
EndProject
Project("{9A19103F-16F7-4668-BE54-9A1E7A4F7556}") = "lab8.2", "lab8.2\lab8.2.csproj", "{730905B6-6A2E-4D96-B260-CD8FFFCB94E0}"
EndProject
Project("{FAE04EC0-301F-11D3-BF4B-00C04F79EFBC}") = "lab8.3", "lab8.3\lab8.3.csproj", "{7C4180C9-3981-47C7-97F1-5156A237A4C7}"
EndProject
Global
	GlobalSection(SolutionConfigurationPlatforms) = preSolution
		Debug|Any CPU = Debug|Any CPU
		Release|Any CPU = Release|Any CPU
	EndGlobalSection
	GlobalSection(ProjectConfigurationPlatforms) = postSolution
		{94559C9E-2157-4C74-9E2B-27783316B7CB}.Debug|Any CPU.ActiveCfg = Debug|Any CPU
		{94559C9E-2157-4C74-9E2B-27783316B7CB}.Debug|Any CPU.Build.0 = Debug|Any CPU
		{94559C9E-2157-4C74-9E2B-27783316B7CB}.Release|Any CPU.ActiveCfg = Release|Any CPU
		{94559C9E-2157-4C74-9E2B-27783316B7CB}.Release|Any CPU.Build.0 = Release|Any CPU
		{C623D3ED-50D1-462D-9F6A-8030337B9A0B}.Debug|Any CPU.ActiveCfg = Debug|Any CPU
		{C623D3ED-50D1-462D-9F6A-8030337B9A0B}.Debug|Any CPU.Build.0 = Debug|Any CPU
		{C623D3ED-50D1-462D-9F6A-8030337B9A0B}.Release|Any CPU.ActiveCfg = Release|Any CPU
		{C623D3ED-50D1-462D-9F6A-8030337B9A0B}.Release|Any CPU.Build.0 = Release|Any CPU
		{730905B6-6A2E-4D96-B260-CD8FFFCB94E0}.Debug|Any CPU.ActiveCfg = Debug|Any CPU
		{730905B6-6A2E-4D96-B260-CD8FFFCB94E0}.Debug|Any CPU.Build.0 = Debug|Any CPU
		{730905B6-6A2E-4D96-B260-CD8FFFCB94E0}.Release|Any CPU.ActiveCfg = Release|Any CPU
		{730905B6-6A2E-4D96-B260-CD8FFFCB94E0}.Release|Any CPU.Build.0 = Release|Any CPU
		{7C4180C9-3981-47C7-97F1-5156A237A4C7}.Debug|Any CPU.ActiveCfg = Debug|Any CPU
		{7C4180C9-3981-47C7-97F1-5156A237A4C7}.Debug|Any CPU.Build.0 = Debug|Any CPU
		{7C4180C9-3981-47C7-97F1-5156A237A4C7}.Release|Any CPU.ActiveCfg = Release|Any CPU
		{7C4180C9-3981-47C7-97F1-5156A237A4C7}.Release|Any CPU.Build.0 = Release|Any CPU
	EndGlobalSection
	GlobalSection(SolutionProperties) = preSolution
		HideSolutionNode = FALSE
	EndGlobalSection
	GlobalSection(ExtensibilityGlobals) = postSolution
		SolutionGuid = {913EF0A1-D112-4755-B261-4F34B25E3174}
	EndGlobalSection
EndGlobal
